
Microsoft Visual Studio Solution File, Format Version 12.00
# Visual Studio Version 17
VisualStudioVersion = 17.5.002.0
MinimumVisualStudioVersion = 10.0.40219.1
Project("{2150E333-8FDC-42A3-9474-1A3956D46DE8}") = "src", "src", "{15A6E228-7EA9-4168-A876-9C9D1EEE27D7}"
EndProject
Project("{2150E333-8FDC-42A3-9474-1A3956D46DE8}") = "ApplicationCore", "ApplicationCore", "{55BBA227-AB65-45DD-B24E-ABD7C024AEC5}"
EndProject
Project("{9A19103F-16F7-4668-BE54-9A1E7A4F7556}") = "Andela.Application", "src\ApplicationCore\Andela.Application\Andela.Application.csproj", "{FF39E01E-5F4F-48EB-8842-07A8E995966C}"
EndProject
Project("{9A19103F-16F7-4668-BE54-9A1E7A4F7556}") = "Andela.Domain", "src\ApplicationCore\Andela.Domain\Andela.Domain.csproj", "{047AB51E-BF62-4C0B-926F-EAF366BCB258}"
EndProject
Project("{2150E333-8FDC-42A3-9474-1A3956D46DE8}") = "Infrastructure", "Infrastructure", "{A2DD8A65-D879-4FA0-BEBB-241359B25A96}"
EndProject
Project("{9A19103F-16F7-4668-BE54-9A1E7A4F7556}") = "Andela.Infrastructure", "src\Infrastructure\Andela.Infrastructure\Andela.Infrastructure.csproj", "{DB217C19-B980-4D8C-9A2A-8639B6EDEE2F}"
EndProject
Project("{2150E333-8FDC-42A3-9474-1A3956D46DE8}") = "Presentation", "Presentation", "{2F0DC01F-928F-4176-9608-4C550ADD7163}"
EndProject
Project("{9A19103F-16F7-4668-BE54-9A1E7A4F7556}") = "Andela.Mvc", "src\Presentation\Andela.Mvc\Andela.Mvc.csproj", "{C5EC6BF6-884B-4D29-B792-8617FE534F15}"
EndProject
Project("{9A19103F-16F7-4668-BE54-9A1E7A4F7556}") = "Andela.Api", "src\Presentation\Andela.Api\Andela.Api.csproj", "{444CA07F-9AB5-4E18-9571-E38C01D7E39E}"
EndProject
Global
	GlobalSection(SolutionConfigurationPlatforms) = preSolution
		Debug|Any CPU = Debug|Any CPU
		Release|Any CPU = Release|Any CPU
	EndGlobalSection
	GlobalSection(ProjectConfigurationPlatforms) = postSolution
		{FF39E01E-5F4F-48EB-8842-07A8E995966C}.Debug|Any CPU.ActiveCfg = Debug|Any CPU
		{FF39E01E-5F4F-48EB-8842-07A8E995966C}.Debug|Any CPU.Build.0 = Debug|Any CPU
		{FF39E01E-5F4F-48EB-8842-07A8E995966C}.Release|Any CPU.ActiveCfg = Release|Any CPU
		{FF39E01E-5F4F-48EB-8842-07A8E995966C}.Release|Any CPU.Build.0 = Release|Any CPU
		{047AB51E-BF62-4C0B-926F-EAF366BCB258}.Debug|Any CPU.ActiveCfg = Debug|Any CPU
		{047AB51E-BF62-4C0B-926F-EAF366BCB258}.Debug|Any CPU.Build.0 = Debug|Any CPU
		{047AB51E-BF62-4C0B-926F-EAF366BCB258}.Release|Any CPU.ActiveCfg = Release|Any CPU
		{047AB51E-BF62-4C0B-926F-EAF366BCB258}.Release|Any CPU.Build.0 = Release|Any CPU
		{DB217C19-B980-4D8C-9A2A-8639B6EDEE2F}.Debug|Any CPU.ActiveCfg = Debug|Any CPU
		{DB217C19-B980-4D8C-9A2A-8639B6EDEE2F}.Debug|Any CPU.Build.0 = Debug|Any CPU
		{DB217C19-B980-4D8C-9A2A-8639B6EDEE2F}.Release|Any CPU.ActiveCfg = Release|Any CPU
		{DB217C19-B980-4D8C-9A2A-8639B6EDEE2F}.Release|Any CPU.Build.0 = Release|Any CPU
		{C5EC6BF6-884B-4D29-B792-8617FE534F15}.Debug|Any CPU.ActiveCfg = Debug|Any CPU
		{C5EC6BF6-884B-4D29-B792-8617FE534F15}.Debug|Any CPU.Build.0 = Debug|Any CPU
		{C5EC6BF6-884B-4D29-B792-8617FE534F15}.Release|Any CPU.ActiveCfg = Release|Any CPU
		{C5EC6BF6-884B-4D29-B792-8617FE534F15}.Release|Any CPU.Build.0 = Release|Any CPU
		{444CA07F-9AB5-4E18-9571-E38C01D7E39E}.Debug|Any CPU.ActiveCfg = Debug|Any CPU
		{444CA07F-9AB5-4E18-9571-E38C01D7E39E}.Debug|Any CPU.Build.0 = Debug|Any CPU
		{444CA07F-9AB5-4E18-9571-E38C01D7E39E}.Release|Any CPU.ActiveCfg = Release|Any CPU
		{444CA07F-9AB5-4E18-9571-E38C01D7E39E}.Release|Any CPU.Build.0 = Release|Any CPU
	EndGlobalSection
	GlobalSection(SolutionProperties) = preSolution
		HideSolutionNode = FALSE
	EndGlobalSection
	GlobalSection(NestedProjects) = preSolution
		{55BBA227-AB65-45DD-B24E-ABD7C024AEC5} = {15A6E228-7EA9-4168-A876-9C9D1EEE27D7}
		{FF39E01E-5F4F-48EB-8842-07A8E995966C} = {55BBA227-AB65-45DD-B24E-ABD7C024AEC5}
		{047AB51E-BF62-4C0B-926F-EAF366BCB258} = {55BBA227-AB65-45DD-B24E-ABD7C024AEC5}
		{A2DD8A65-D879-4FA0-BEBB-241359B25A96} = {15A6E228-7EA9-4168-A876-9C9D1EEE27D7}
		{DB217C19-B980-4D8C-9A2A-8639B6EDEE2F} = {A2DD8A65-D879-4FA0-BEBB-241359B25A96}
		{2F0DC01F-928F-4176-9608-4C550ADD7163} = {15A6E228-7EA9-4168-A876-9C9D1EEE27D7}
		{C5EC6BF6-884B-4D29-B792-8617FE534F15} = {2F0DC01F-928F-4176-9608-4C550ADD7163}
		{444CA07F-9AB5-4E18-9571-E38C01D7E39E} = {2F0DC01F-928F-4176-9608-4C550ADD7163}
	EndGlobalSection
	GlobalSection(ExtensibilityGlobals) = postSolution
		SolutionGuid = {FFD1F8BE-CC09-417E-A822-DB7247F082AC}
	EndGlobalSection
EndGlobal
